
Microsoft Visual Studio Solution File, Format Version 12.00
# Visual Studio Version 17
VisualStudioVersion = 17.10.34916.146
MinimumVisualStudioVersion = 10.0.40219.1
Project("{FAE04EC0-301F-11D3-BF4B-00C04F79EFBC}") = "coco", "coco\coco.csproj", "{4F3993F5-A06B-4B7D-85D5-29888AB787CA}"
EndProject
Global
	GlobalSection(SolutionConfigurationPlatforms) = preSolution
		Debug|Any CPU = Debug|Any CPU
		Release|Any CPU = Release|Any CPU
	EndGlobalSection
	GlobalSection(ProjectConfigurationPlatforms) = postSolution
		{4F3993F5-A06B-4B7D-85D5-29888AB787CA}.Debug|Any CPU.ActiveCfg = Debug|Any CPU
		{4F3993F5-A06B-4B7D-85D5-29888AB787CA}.Debug|Any CPU.Build.0 = Debug|Any CPU
		{4F3993F5-A06B-4B7D-85D5-29888AB787CA}.Release|Any CPU.ActiveCfg = Release|Any CPU
		{4F3993F5-A06B-4B7D-85D5-29888AB787CA}.Release|Any CPU.Build.0 = Release|Any CPU
	EndGlobalSection
	GlobalSection(SolutionProperties) = preSolution
		HideSolutionNode = FALSE
	EndGlobalSection
	GlobalSection(ExtensibilityGlobals) = postSolution
		SolutionGuid = {0E7673F0-E320-4209-8783-326158CDCE0C}
	EndGlobalSection
EndGlobal
